
Microsoft Visual Studio Solution File, Format Version 12.00
# Visual Studio Version 16
VisualStudioVersion = 16.0.29001.49
MinimumVisualStudioVersion = 10.0.40219.1
Project("{FAE04EC0-301F-11D3-BF4B-00C04F79EFBC}") = "Program 3 - WinForms", "Program 3 - WinForms\Program 3 - WinForms.csproj", "{EC6E0ECD-26B4-46BE-8F97-D24F7E1BB7BE}"
EndProject
Global
	GlobalSection(SolutionConfigurationPlatforms) = preSolution
		Debug|Any CPU = Debug|Any CPU
		Release|Any CPU = Release|Any CPU
	EndGlobalSection
	GlobalSection(ProjectConfigurationPlatforms) = postSolution
		{EC6E0ECD-26B4-46BE-8F97-D24F7E1BB7BE}.Debug|Any CPU.ActiveCfg = Debug|Any CPU
		{EC6E0ECD-26B4-46BE-8F97-D24F7E1BB7BE}.Debug|Any CPU.Build.0 = Debug|Any CPU
		{EC6E0ECD-26B4-46BE-8F97-D24F7E1BB7BE}.Release|Any CPU.ActiveCfg = Release|Any CPU
		{EC6E0ECD-26B4-46BE-8F97-D24F7E1BB7BE}.Release|Any CPU.Build.0 = Release|Any CPU
	EndGlobalSection
	GlobalSection(SolutionProperties) = preSolution
		HideSolutionNode = FALSE
	EndGlobalSection
	GlobalSection(ExtensibilityGlobals) = postSolution
		SolutionGuid = {8E88D240-F354-4C90-9F0A-37F7D27BB406}
	EndGlobalSection
EndGlobal
